// !$*UTF8*$!
{
	archiveVersion = 1;
	classes = {
	};
	objectVersion = 50;
	objects = {

/* Begin PBXBuildFile section */
		23F9BF5F238AC39A00F51025 /* AppDelegate.swift in Sources */ = {isa = PBXBuildFile; fileRef = 23F9BF5E238AC39A00F51025 /* AppDelegate.swift */; };
		23F9BF61238AC39A00F51025 /* SceneDelegate.swift in Sources */ = {isa = PBXBuildFile; fileRef = 23F9BF60238AC39A00F51025 /* SceneDelegate.swift */; };
		23F9BF63238AC39A00F51025 /* ViewController.swift in Sources */ = {isa = PBXBuildFile; fileRef = 23F9BF62238AC39A00F51025 /* ViewController.swift */; };
		23F9BF66238AC39A00F51025 /* Main.storyboard in Resources */ = {isa = PBXBuildFile; fileRef = 23F9BF64238AC39A00F51025 /* Main.storyboard */; };
		23F9BF68238AC39D00F51025 /* Assets.xcassets in Resources */ = {isa = PBXBuildFile; fileRef = 23F9BF67238AC39D00F51025 /* Assets.xcassets */; };
		23F9BF6B238AC39D00F51025 /* LaunchScreen.storyboard in Resources */ = {isa = PBXBuildFile; fileRef = 23F9BF69238AC39D00F51025 /* LaunchScreen.storyboard */; };
/* End PBXBuildFile section */

/* Begin PBXFileReference section */
		23F9BF5B238AC39A00F51025 /* Демченко Михайло.app */ = {isa = PBXFileReference; explicitFileType = wrapper.application; includeInIndex = 0; path = "Демченко Михайло.app"; sourceTree = BUILT_PRODUCTS_DIR; };
		23F9BF5E238AC39A00F51025 /* AppDelegate.swift */ = {isa = PBXFileReference; lastKnownFileType = sourcecode.swift; path = AppDelegate.swift; sourceTree = "<group>"; };
		23F9BF60238AC39A00F51025 /* SceneDelegate.swift */ = {isa = PBXFileReference; lastKnownFileType = sourcecode.swift; path = SceneDelegate.swift; sourceTree = "<group>"; };
		23F9BF62238AC39A00F51025 /* ViewController.swift */ = {isa = PBXFileReference; lastKnownFileType = sourcecode.swift; path = ViewController.swift; sourceTree = "<group>"; };
		23F9BF65238AC39A00F51025 /* Base */ = {isa = PBXFileReference; lastKnownFileType = file.storyboard; name = Base; path = Base.lproj/Main.storyboard; sourceTree = "<group>"; };
		23F9BF67238AC39D00F51025 /* Assets.xcassets */ = {isa = PBXFileReference; lastKnownFileType = folder.assetcatalog; path = Assets.xcassets; sourceTree = "<group>"; };
		23F9BF6A238AC39D00F51025 /* Base */ = {isa = PBXFileReference; lastKnownFileType = file.storyboard; name = Base; path = Base.lproj/LaunchScreen.storyboard; sourceTree = "<group>"; };
		23F9BF6C238AC39D00F51025 /* Info.plist */ = {isa = PBXFileReference; lastKnownFileType = text.plist.xml; path = Info.plist; sourceTree = "<group>"; };
/* End PBXFileReference section */

/* Begin PBXFrameworksBuildPhase section */
		23F9BF58238AC39A00F51025 /* Frameworks */ = {
			isa = PBXFrameworksBuildPhase;
			buildActionMask = 2147483647;
			files = (
			);
			runOnlyForDeploymentPostprocessing = 0;
		};
/* End PBXFrameworksBuildPhase section */

/* Begin PBXGroup section */
		23F9BF52238AC39A00F51025 = {
			isa = PBXGroup;
			children = (
				23F9BF5D238AC39A00F51025 /* AutoLayout_project */,
				23F9BF5C238AC39A00F51025 /* Products */,
			);
			sourceTree = "<group>";
		};
		23F9BF5C238AC39A00F51025 /* Products */ = {
			isa = PBXGroup;
			children = (
				23F9BF5B238AC39A00F51025 /* Демченко Михайло.app */,
			);
			name = Products;
			sourceTree = "<group>";
		};
		23F9BF5D238AC39A00F51025 /* AutoLayout_project */ = {
			isa = PBXGroup;
			children = (
				23F9BF5E238AC39A00F51025 /* AppDelegate.swift */,
				23F9BF60238AC39A00F51025 /* SceneDelegate.swift */,
				23F9BF62238AC39A00F51025 /* ViewController.swift */,
				23F9BF64238AC39A00F51025 /* Main.storyboard */,
				23F9BF67238AC39D00F51025 /* Assets.xcassets */,
				23F9BF69238AC39D00F51025 /* LaunchScreen.storyboard */,
				23F9BF6C238AC39D00F51025 /* Info.plist */,
			);
			path = AutoLayout_project;
			sourceTree = "<group>";
		};
/* End PBXGroup section */

/* Begin PBXNativeTarget section */
		23F9BF5A238AC39A00F51025 /* AutoLayout_project */ = {
			isa = PBXNativeTarget;
			buildConfigurationList = 23F9BF6F238AC39D00F51025 /* Build configuration list for PBXNativeTarget "AutoLayout_project" */;
			buildPhases = (
				23F9BF57238AC39A00F51025 /* Sources */,
				23F9BF58238AC39A00F51025 /* Frameworks */,
				23F9BF59238AC39A00F51025 /* Resources */,
			);
			buildRules = (
			);
			dependencies = (
			);
			name = AutoLayout_project;
			productName = AutoLayout_project;
			productReference = 23F9BF5B238AC39A00F51025 /* Демченко Михайло.app */;
			productType = "com.apple.product-type.application";
		};
/* End PBXNativeTarget section */

/* Begin PBXProject section */
		23F9BF53238AC39A00F51025 /* Project object */ = {
			isa = PBXProject;
			attributes = {
				LastSwiftUpdateCheck = 1120;
				LastUpgradeCheck = 1120;
				ORGANIZATIONNAME = "Mr Jake";
				TargetAttributes = {
					23F9BF5A238AC39A00F51025 = {
						CreatedOnToolsVersion = 11.2.1;
					};
				};
			};
			buildConfigurationList = 23F9BF56238AC39A00F51025 /* Build configuration list for PBXProject "AutoLayout_project" */;
			compatibilityVersion = "Xcode 9.3";
			developmentRegion = en;
			hasScannedForEncodings = 0;
			knownRegions = (
				en,
				Base,
			);
			mainGroup = 23F9BF52238AC39A00F51025;
			productRefGroup = 23F9BF5C238AC39A00F51025 /* Products */;
			projectDirPath = "";
			projectRoot = "";
			targets = (
				23F9BF5A238AC39A00F51025 /* AutoLayout_project */,
			);
		};
/* End PBXProject section */

/* Begin PBXResourcesBuildPhase section */
		23F9BF59238AC39A00F51025 /* Resources */ = {
			isa = PBXResourcesBuildPhase;
			buildActionMask = 2147483647;
			files = (
				23F9BF6B238AC39D00F51025 /* LaunchScreen.storyboard in Resources */,
				23F9BF68238AC39D00F51025 /* Assets.xcassets in Resources */,
				23F9BF66238AC39A00F51025 /* Main.storyboard in Resources */,
			);
			runOnlyForDeploymentPostprocessing = 0;
		};
/* End PBXResourcesBuildPhase section */

/* Begin PBXSourcesBuildPhase section */
		23F9BF57238AC39A00F51025 /* Sources */ = {
			isa = PBXSourcesBuildPhase;
			buildActionMask = 2147483647;
			files = (
				23F9BF63238AC39A00F51025 /* ViewController.swift in Sources */,
				23F9BF5F238AC39A00F51025 /* AppDelegate.swift in Sources */,
				23F9BF61238AC39A00F51025 /* SceneDelegate.swift in Sources */,
			);
			runOnlyForDeploymentPostprocessing = 0;
		};
/* End PBXSourcesBuildPhase section */

/* Begin PBXVariantGroup section */
		23F9BF64238AC39A00F51025 /* Main.storyboard */ = {
			isa = PBXVariantGroup;
			children = (
				23F9BF65238AC39A00F51025 /* Base */,
			);
			name = Main.storyboard;
			sourceTree = "<group>";
		};
		23F9BF69238AC39D00F51025 /* LaunchScreen.storyboard */ = {
			isa = PBXVariantGroup;
			children = (
				23F9BF6A238AC39D00F51025 /* Base */,
			);
			name = LaunchScreen.storyboard;
			sourceTree = "<group>";
		};
/* End PBXVariantGroup section */

/* Begin XCBuildConfiguration section */
		23F9BF6D238AC39D00F51025 /* Debug */ = {
			isa = XCBuildConfiguration;
			buildSettings = {
				ALWAYS_SEARCH_USER_PATHS = NO;
				CLANG_ANALYZER_NONNULL = YES;
				CLANG_ANALYZER_NUMBER_OBJECT_CONVERSION = YES_AGGRESSIVE;
				CLANG_CXX_LANGUAGE_STANDARD = "gnu++14";
				CLANG_CXX_LIBRARY = "libc++";
				CLANG_ENABLE_MODULES = YES;
				CLANG_ENABLE_OBJC_ARC = YES;
				CLANG_ENABLE_OBJC_WEAK = YES;
				CLANG_WARN_BLOCK_CAPTURE_AUTORELEASING = YES;
				CLANG_WARN_BOOL_CONVERSION = YES;
				CLANG_WARN_COMMA = YES;
				CLANG_WARN_CONSTANT_CONVERSION = YES;
				CLANG_WARN_DEPRECATED_OBJC_IMPLEMENTATIONS = YES;
				CLANG_WARN_DIRECT_OBJC_ISA_USAGE = YES_ERROR;
				CLANG_WARN_DOCUMENTATION_COMMENTS = YES;
				CLANG_WARN_EMPTY_BODY = YES;
				CLANG_WARN_ENUM_CONVERSION = YES;
				CLANG_WARN_INFINITE_RECURSION = YES;
				CLANG_WARN_INT_CONVERSION = YES;
				CLANG_WARN_NON_LITERAL_NULL_CONVERSION = YES;
				CLANG_WARN_OBJC_IMPLICIT_RETAIN_SELF = YES;
				CLANG_WARN_OBJC_LITERAL_CONVERSION = YES;
				CLANG_WARN_OBJC_ROOT_CLASS = YES_ERROR;
				CLANG_WARN_RANGE_LOOP_ANALYSIS = YES;
				CLANG_WARN_STRICT_PROTOTYPES = YES;
				CLANG_WARN_SUSPICIOUS_MOVE = YES;
				CLANG_WARN_UNGUARDED_AVAILABILITY = YES_AGGRESSIVE;
				CLANG_WARN_UNREACHABLE_CODE = YES;
				CLANG_WARN__DUPLICATE_METHOD_MATCH = YES;
				COPY_PHASE_STRIP = NO;
				DEBUG_INFORMATION_FORMAT = dwarf;
				ENABLE_STRICT_OBJC_MSGSEND = YES;
				ENABLE_TESTABILITY = YES;
				GCC_C_LANGUAGE_STANDARD = gnu11;
				GCC_DYNAMIC_NO_PIC = NO;
				GCC_NO_COMMON_BLOCKS = YES;
				GCC_OPTIMIZATION_LEVEL = 0;
				GCC_PREPROCESSOR_DEFINITIONS = (
					"DEBUG=1",
					"$(inherited)",
				);
				GCC_WARN_64_TO_32_BIT_CONVERSION = YES;
				GCC_WARN_ABOUT_RETURN_TYPE = YES_ERROR;
				GCC_WARN_UNDECLARED_SELECTOR = YES;
				GCC_WARN_UNINITIALIZED_AUTOS = YES_AGGRESSIVE;
				GCC_WARN_UNUSED_FUNCTION = YES;
				GCC_WARN_UNUSED_VARIABLE = YES;
				IPHONEOS_DEPLOYMENT_TARGET = 13.2;
				MTL_ENABLE_DEBUG_INFO = INCLUDE_SOURCE;
				MTL_FAST_MATH = YES;
				ONLY_ACTIVE_ARCH = YES;
				SDKROOT = iphoneos;
				SWIFT_ACTIVE_COMPILATION_CONDITIONS = DEBUG;
				SWIFT_OPTIMIZATION_LEVEL = "-Onone";
			};
			name = Debug;
		};
		23F9BF6E238AC39D00F51025 /* Release */ = {
			isa = XCBuildConfiguration;
			buildSettings = {
				ALWAYS_SEARCH_USER_PATHS = NO;
				CLANG_ANALYZER_NONNULL = YES;
				CLANG_ANALYZER_NUMBER_OBJECT_CONVERSION = YES_AGGRESSIVE;
				CLANG_CXX_LANGUAGE_STANDARD = "gnu++14";
				CLANG_CXX_LIBRARY = "libc++";
				CLANG_ENABLE_MODULES = YES;
				CLANG_ENABLE_OBJC_ARC = YES;
				CLANG_ENABLE_OBJC_WEAK = YES;
				CLANG_WARN_BLOCK_CAPTURE_AUTORELEASING = YES;
				CLANG_WARN_BOOL_CONVERSION = YES;
				CLANG_WARN_COMMA = YES;
				CLANG_WARN_CONSTANT_CONVERSION = YES;
				CLANG_WARN_DEPRECATED_OBJC_IMPLEMENTATIONS = YES;
				CLANG_WARN_DIRECT_OBJC_ISA_USAGE = YES_ERROR;
				CLANG_WARN_DOCUMENTATION_COMMENTS = YES;
				CLANG_WARN_EMPTY_BODY = YES;
				CLANG_WARN_ENUM_CONVERSION = YES;
				CLANG_WARN_INFINITE_RECURSION = YES;
				CLANG_WARN_INT_CONVERSION = YES;
				CLANG_WARN_NON_LITERAL_NULL_CONVERSION = YES;
				CLANG_WARN_OBJC_IMPLICIT_RETAIN_SELF = YES;
				CLANG_WARN_OBJC_LITERAL_CONVERSION = YES;
				CLANG_WARN_OBJC_ROOT_CLASS = YES_ERROR;
				CLANG_WARN_RANGE_LOOP_ANALYSIS = YES;
				CLANG_WARN_STRICT_PROTOTYPES = YES;
				CLANG_WARN_SUSPICIOUS_MOVE = YES;
				CLANG_WARN_UNGUARDED_AVAILABILITY = YES_AGGRESSIVE;
				CLANG_WARN_UNREACHABLE_CODE = YES;
				CLANG_WARN__DUPLICATE_METHOD_MATCH = YES;
				COPY_PHASE_STRIP = NO;
				DEBUG_INFORMATION_FORMAT = "dwarf-with-dsym";
				ENABLE_NS_ASSERTIONS = NO;
				ENABLE_STRICT_OBJC_MSGSEND = YES;
				GCC_C_LANGUAGE_STANDARD = gnu11;
				GCC_NO_COMMON_BLOCKS = YES;
				GCC_WARN_64_TO_32_BIT_CONVERSION = YES;
				GCC_WARN_ABOUT_RETURN_TYPE = YES_ERROR;
				GCC_WARN_UNDECLARED_SELECTOR = YES;
				GCC_WARN_UNINITIALIZED_AUTOS = YES_AGGRESSIVE;
				GCC_WARN_UNUSED_FUNCTION = YES;
				GCC_WARN_UNUSED_VARIABLE = YES;
				IPHONEOS_DEPLOYMENT_TARGET = 13.2;
				MTL_ENABLE_DEBUG_INFO = NO;
				MTL_FAST_MATH = YES;
				SDKROOT = iphoneos;
				SWIFT_COMPILATION_MODE = wholemodule;
				SWIFT_OPTIMIZATION_LEVEL = "-O";
				VALIDATE_PRODUCT = YES;
			};
			name = Release;
		};
		23F9BF70238AC39D00F51025 /* Debug */ = {
			isa = XCBuildConfiguration;
			buildSettings = {
				ASSETCATALOG_COMPILER_APPICON_NAME = AppIcon;
				CODE_SIGN_STYLE = Automatic;
				INFOPLIST_FILE = AutoLayout_project/Info.plist;
				LD_RUNPATH_SEARCH_PATHS = (
					"$(inherited)",
					"@executable_path/Frameworks",
				);
				PRODUCT_BUNDLE_IDENTIFIER = "Jake-inc..AutoLayout-project";
				PRODUCT_NAME = "Демченко Михайло";
				SWIFT_VERSION = 5.0;
				TARGETED_DEVICE_FAMILY = "1,2";
			};
			name = Debug;
		};
		23F9BF71238AC39D00F51025 /* Release */ = {
			isa = XCBuildConfiguration;
			buildSettings = {
				ASSETCATALOG_COMPILER_APPICON_NAME = AppIcon;
				CODE_SIGN_STYLE = Automatic;
				INFOPLIST_FILE = AutoLayout_project/Info.plist;
				LD_RUNPATH_SEARCH_PATHS = (
					"$(inherited)",
					"@executable_path/Frameworks",
				);
				PRODUCT_BUNDLE_IDENTIFIER = "Jake-inc..AutoLayout-project";
				PRODUCT_NAME = "Демченко Михайло";
				SWIFT_VERSION = 5.0;
				TARGETED_DEVICE_FAMILY = "1,2";
			};
			name = Release;
		};
/* End XCBuildConfiguration section */

/* Begin XCConfigurationList section */
		23F9BF56238AC39A00F51025 /* Build configuration list for PBXProject "AutoLayout_project" */ = {
			isa = XCConfigurationList;
			buildConfigurations = (
				23F9BF6D238AC39D00F51025 /* Debug */,
				23F9BF6E238AC39D00F51025 /* Release */,
			);
			defaultConfigurationIsVisible = 0;
			defaultConfigurationName = Release;
		};
		23F9BF6F238AC39D00F51025 /* Build configuration list for PBXNativeTarget "AutoLayout_project" */ = {
			isa = XCConfigurationList;
			buildConfigurations = (
				23F9BF70238AC39D00F51025 /* Debug */,
				23F9BF71238AC39D00F51025 /* Release */,
			);
			defaultConfigurationIsVisible = 0;
			defaultConfigurationName = Release;
		};
/* End XCConfigurationList section */
	};
	rootObject = 23F9BF53238AC39A00F51025 /* Project object */;
}
